
Microsoft Visual Studio Solution File, Format Version 12.00
# Visual Studio 15
VisualStudioVersion = 15.0.27130.2010
MinimumVisualStudioVersion = 10.0.40219.1
Project("{FAE04EC0-301F-11D3-BF4B-00C04F79EFBC}") = "Xrm.DevOPs.ComponentModel", "Xrm.DevOPs.ComponentModel\Xrm.DevOPs.ComponentModel.csproj", "{99BB5B1F-73C7-4EE8-ACB1-094A5C41209B}"
EndProject
Project("{FAE04EC0-301F-11D3-BF4B-00C04F79EFBC}") = "Xrm.DevOPs.Controls", "Xrm.DevOPs.Controls\Xrm.DevOPs.Controls.csproj", "{5C239913-1379-421A-8A9C-33E4F3B66A37}"
EndProject
Project("{FAE04EC0-301F-11D3-BF4B-00C04F79EFBC}") = "Xrm.DevOPs.Manager", "Xrm.DevOPs.Manager\Xrm.DevOPs.Manager.csproj", "{388DC128-0BA4-4EDA-8A15-A0202C25C092}"
EndProject
Global
	GlobalSection(SolutionConfigurationPlatforms) = preSolution
		Debug|Any CPU = Debug|Any CPU
		Release|Any CPU = Release|Any CPU
	EndGlobalSection
	GlobalSection(ProjectConfigurationPlatforms) = postSolution
		{99BB5B1F-73C7-4EE8-ACB1-094A5C41209B}.Debug|Any CPU.ActiveCfg = Debug|Any CPU
		{99BB5B1F-73C7-4EE8-ACB1-094A5C41209B}.Debug|Any CPU.Build.0 = Debug|Any CPU
		{99BB5B1F-73C7-4EE8-ACB1-094A5C41209B}.Release|Any CPU.ActiveCfg = Release|Any CPU
		{99BB5B1F-73C7-4EE8-ACB1-094A5C41209B}.Release|Any CPU.Build.0 = Release|Any CPU
		{5C239913-1379-421A-8A9C-33E4F3B66A37}.Debug|Any CPU.ActiveCfg = Debug|Any CPU
		{5C239913-1379-421A-8A9C-33E4F3B66A37}.Debug|Any CPU.Build.0 = Debug|Any CPU
		{5C239913-1379-421A-8A9C-33E4F3B66A37}.Release|Any CPU.ActiveCfg = Release|Any CPU
		{5C239913-1379-421A-8A9C-33E4F3B66A37}.Release|Any CPU.Build.0 = Release|Any CPU
		{388DC128-0BA4-4EDA-8A15-A0202C25C092}.Debug|Any CPU.ActiveCfg = Debug|Any CPU
		{388DC128-0BA4-4EDA-8A15-A0202C25C092}.Debug|Any CPU.Build.0 = Debug|Any CPU
		{388DC128-0BA4-4EDA-8A15-A0202C25C092}.Release|Any CPU.ActiveCfg = Release|Any CPU
		{388DC128-0BA4-4EDA-8A15-A0202C25C092}.Release|Any CPU.Build.0 = Release|Any CPU
	EndGlobalSection
	GlobalSection(SolutionProperties) = preSolution
		HideSolutionNode = FALSE
	EndGlobalSection
	GlobalSection(ExtensibilityGlobals) = postSolution
		SolutionGuid = {E396E2E9-761D-4BE7-AAD3-C74B92D4360D}
	EndGlobalSection
EndGlobal
